
Microsoft Visual Studio Solution File, Format Version 11.00
# Visual Studio 2010
Project("{FAE04EC0-301F-11D3-BF4B-00C04F79EFBC}") = "cliker-2d", "Assembly-CSharp.csproj", "{32AD2B5B-0B02-8FD0-13E1-908B3A057AA1}"
EndProject
Global
	GlobalSection(SolutionConfigurationPlatforms) = preSolution
		Debug|Any CPU = Debug|Any CPU
		Release|Any CPU = Release|Any CPU
	EndGlobalSection
	GlobalSection(ProjectConfigurationPlatforms) = postSolution
		{32AD2B5B-0B02-8FD0-13E1-908B3A057AA1}.Debug|Any CPU.ActiveCfg = Debug|Any CPU
		{32AD2B5B-0B02-8FD0-13E1-908B3A057AA1}.Debug|Any CPU.Build.0 = Debug|Any CPU
		{32AD2B5B-0B02-8FD0-13E1-908B3A057AA1}.Release|Any CPU.ActiveCfg = Release|Any CPU
		{32AD2B5B-0B02-8FD0-13E1-908B3A057AA1}.Release|Any CPU.Build.0 = Release|Any CPU
	EndGlobalSection
	GlobalSection(SolutionProperties) = preSolution
		HideSolutionNode = FALSE
	EndGlobalSection
	GlobalSection(MonoDevelopProperties) = preSolution
		StartupItem = Assembly-CSharp.csproj
	EndGlobalSection
EndGlobal
